// !$*UTF8*$!
{
	archiveVersion = 1;
	classes = {
	};
	objectVersion = 46;
	objects = {

/* Begin PBXBuildFile section */
		43145A541E8B1E1C009D5260 /* AppDelegate.swift in Sources */ = {isa = PBXBuildFile; fileRef = 43145A531E8B1E1C009D5260 /* AppDelegate.swift */; };
		43145A591E8B1E1C009D5260 /* Main.storyboard in Resources */ = {isa = PBXBuildFile; fileRef = 43145A571E8B1E1C009D5260 /* Main.storyboard */; };
		43145A5B1E8B1E1C009D5260 /* Assets.xcassets in Resources */ = {isa = PBXBuildFile; fileRef = 43145A5A1E8B1E1C009D5260 /* Assets.xcassets */; };
		43145A5E1E8B1E1C009D5260 /* LaunchScreen.storyboard in Resources */ = {isa = PBXBuildFile; fileRef = 43145A5C1E8B1E1C009D5260 /* LaunchScreen.storyboard */; };
		43145A691E8B1E1C009D5260 /* PhotObamaTests.swift in Sources */ = {isa = PBXBuildFile; fileRef = 43145A681E8B1E1C009D5260 /* PhotObamaTests.swift */; };
		43145A741E8B1E1C009D5260 /* PhotObamaUITests.swift in Sources */ = {isa = PBXBuildFile; fileRef = 43145A731E8B1E1C009D5260 /* PhotObamaUITests.swift */; };
		43145A821E8B1E54009D5260 /* PhotosViewController.swift in Sources */ = {isa = PBXBuildFile; fileRef = 43145A811E8B1E54009D5260 /* PhotosViewController.swift */; };
		43145A841E8B2293009D5260 /* PhotoAPIs.swift in Sources */ = {isa = PBXBuildFile; fileRef = 43145A831E8B2293009D5260 /* PhotoAPIs.swift */; };
		43145A861E8B2C17009D5260 /* PhotoStore.swift in Sources */ = {isa = PBXBuildFile; fileRef = 43145A851E8B2C17009D5260 /* PhotoStore.swift */; };
		43239AA91EAEB6A000312ACA /* Photo+CoreDataClass.swift in Sources */ = {isa = PBXBuildFile; fileRef = 43239AA71EAEB6A000312ACA /* Photo+CoreDataClass.swift */; };
		43239AAA1EAEB6A000312ACA /* Photo+CoreDataProperties.swift in Sources */ = {isa = PBXBuildFile; fileRef = 43239AA81EAEB6A000312ACA /* Photo+CoreDataProperties.swift */; };
		4334D7BE1EAEA788000DDEC6 /* PhotObama.xcdatamodeld in Sources */ = {isa = PBXBuildFile; fileRef = 4334D7BC1EAEA788000DDEC6 /* PhotObama.xcdatamodeld */; };
		4346E89F1EA54A0D008ED642 /* ImageStore.swift in Sources */ = {isa = PBXBuildFile; fileRef = 4346E89E1EA54A0D008ED642 /* ImageStore.swift */; };
		4346E8A11EA6BF7E008ED642 /* PhotoInfoViewController.swift in Sources */ = {isa = PBXBuildFile; fileRef = 4346E8A01EA6BF7E008ED642 /* PhotoInfoViewController.swift */; };
		436B836E1E9C25BC00DD9E86 /* PhotoDataSource.swift in Sources */ = {isa = PBXBuildFile; fileRef = 436B836D1E9C25BC00DD9E86 /* PhotoDataSource.swift */; };
		436B83701E9C298E00DD9E86 /* PhotoCollectionViewCell.swift in Sources */ = {isa = PBXBuildFile; fileRef = 436B836F1E9C298E00DD9E86 /* PhotoCollectionViewCell.swift */; };
/* End PBXBuildFile section */

/* Begin PBXContainerItemProxy section */
		43145A651E8B1E1C009D5260 /* PBXContainerItemProxy */ = {
			isa = PBXContainerItemProxy;
			containerPortal = 43145A481E8B1E1C009D5260 /* Project object */;
			proxyType = 1;
			remoteGlobalIDString = 43145A4F1E8B1E1C009D5260;
			remoteInfo = PhotObama;
		};
		43145A701E8B1E1C009D5260 /* PBXContainerItemProxy */ = {
			isa = PBXContainerItemProxy;
			containerPortal = 43145A481E8B1E1C009D5260 /* Project object */;
			proxyType = 1;
			remoteGlobalIDString = 43145A4F1E8B1E1C009D5260;
			remoteInfo = PhotObama;
		};
/* End PBXContainerItemProxy section */

/* Begin PBXFileReference section */
		43145A501E8B1E1C009D5260 /* PhotObama.app */ = {isa = PBXFileReference; explicitFileType = wrapper.application; includeInIndex = 0; path = PhotObama.app; sourceTree = BUILT_PRODUCTS_DIR; };
		43145A531E8B1E1C009D5260 /* AppDelegate.swift */ = {isa = PBXFileReference; lastKnownFileType = sourcecode.swift; path = AppDelegate.swift; sourceTree = "<group>"; };
		43145A581E8B1E1C009D5260 /* Base */ = {isa = PBXFileReference; lastKnownFileType = file.storyboard; name = Base; path = Base.lproj/Main.storyboard; sourceTree = "<group>"; };
		43145A5A1E8B1E1C009D5260 /* Assets.xcassets */ = {isa = PBXFileReference; lastKnownFileType = folder.assetcatalog; path = Assets.xcassets; sourceTree = "<group>"; };
		43145A5D1E8B1E1C009D5260 /* Base */ = {isa = PBXFileReference; lastKnownFileType = file.storyboard; name = Base; path = Base.lproj/LaunchScreen.storyboard; sourceTree = "<group>"; };
		43145A5F1E8B1E1C009D5260 /* Info.plist */ = {isa = PBXFileReference; lastKnownFileType = text.plist.xml; path = Info.plist; sourceTree = "<group>"; };
		43145A641E8B1E1C009D5260 /* PhotObamaTests.xctest */ = {isa = PBXFileReference; explicitFileType = wrapper.cfbundle; includeInIndex = 0; path = PhotObamaTests.xctest; sourceTree = BUILT_PRODUCTS_DIR; };
		43145A681E8B1E1C009D5260 /* PhotObamaTests.swift */ = {isa = PBXFileReference; lastKnownFileType = sourcecode.swift; path = PhotObamaTests.swift; sourceTree = "<group>"; };
		43145A6A1E8B1E1C009D5260 /* Info.plist */ = {isa = PBXFileReference; lastKnownFileType = text.plist.xml; path = Info.plist; sourceTree = "<group>"; };
		43145A6F1E8B1E1C009D5260 /* PhotObamaUITests.xctest */ = {isa = PBXFileReference; explicitFileType = wrapper.cfbundle; includeInIndex = 0; path = PhotObamaUITests.xctest; sourceTree = BUILT_PRODUCTS_DIR; };
		43145A731E8B1E1C009D5260 /* PhotObamaUITests.swift */ = {isa = PBXFileReference; lastKnownFileType = sourcecode.swift; path = PhotObamaUITests.swift; sourceTree = "<group>"; };
		43145A751E8B1E1C009D5260 /* Info.plist */ = {isa = PBXFileReference; lastKnownFileType = text.plist.xml; path = Info.plist; sourceTree = "<group>"; };
		43145A811E8B1E54009D5260 /* PhotosViewController.swift */ = {isa = PBXFileReference; fileEncoding = 4; lastKnownFileType = sourcecode.swift; path = PhotosViewController.swift; sourceTree = "<group>"; };
		43145A831E8B2293009D5260 /* PhotoAPIs.swift */ = {isa = PBXFileReference; fileEncoding = 4; lastKnownFileType = sourcecode.swift; path = PhotoAPIs.swift; sourceTree = "<group>"; };
		43145A851E8B2C17009D5260 /* PhotoStore.swift */ = {isa = PBXFileReference; fileEncoding = 4; lastKnownFileType = sourcecode.swift; path = PhotoStore.swift; sourceTree = "<group>"; };
		43239AA71EAEB6A000312ACA /* Photo+CoreDataClass.swift */ = {isa = PBXFileReference; fileEncoding = 4; lastKnownFileType = sourcecode.swift; path = "Photo+CoreDataClass.swift"; sourceTree = "<group>"; };
		43239AA81EAEB6A000312ACA /* Photo+CoreDataProperties.swift */ = {isa = PBXFileReference; fileEncoding = 4; lastKnownFileType = sourcecode.swift; path = "Photo+CoreDataProperties.swift"; sourceTree = "<group>"; };
		4334D7BD1EAEA788000DDEC6 /* PhotObama.xcdatamodel */ = {isa = PBXFileReference; lastKnownFileType = wrapper.xcdatamodel; path = PhotObama.xcdatamodel; sourceTree = "<group>"; };
		4346E89E1EA54A0D008ED642 /* ImageStore.swift */ = {isa = PBXFileReference; fileEncoding = 4; lastKnownFileType = sourcecode.swift; path = ImageStore.swift; sourceTree = "<group>"; };
		4346E8A01EA6BF7E008ED642 /* PhotoInfoViewController.swift */ = {isa = PBXFileReference; fileEncoding = 4; lastKnownFileType = sourcecode.swift; path = PhotoInfoViewController.swift; sourceTree = "<group>"; };
		436B836D1E9C25BC00DD9E86 /* PhotoDataSource.swift */ = {isa = PBXFileReference; fileEncoding = 4; lastKnownFileType = sourcecode.swift; path = PhotoDataSource.swift; sourceTree = "<group>"; };
		436B836F1E9C298E00DD9E86 /* PhotoCollectionViewCell.swift */ = {isa = PBXFileReference; fileEncoding = 4; lastKnownFileType = sourcecode.swift; path = PhotoCollectionViewCell.swift; sourceTree = "<group>"; };
/* End PBXFileReference section */

/* Begin PBXFrameworksBuildPhase section */
		43145A4D1E8B1E1C009D5260 /* Frameworks */ = {
			isa = PBXFrameworksBuildPhase;
			buildActionMask = 2147483647;
			files = (
			);
			runOnlyForDeploymentPostprocessing = 0;
		};
		43145A611E8B1E1C009D5260 /* Frameworks */ = {
			isa = PBXFrameworksBuildPhase;
			buildActionMask = 2147483647;
			files = (
			);
			runOnlyForDeploymentPostprocessing = 0;
		};
		43145A6C1E8B1E1C009D5260 /* Frameworks */ = {
			isa = PBXFrameworksBuildPhase;
			buildActionMask = 2147483647;
			files = (
			);
			runOnlyForDeploymentPostprocessing = 0;
		};
/* End PBXFrameworksBuildPhase section */

/* Begin PBXGroup section */
		43145A471E8B1E1C009D5260 = {
			isa = PBXGroup;
			children = (
				43239AA71EAEB6A000312ACA /* Photo+CoreDataClass.swift */,
				43239AA81EAEB6A000312ACA /* Photo+CoreDataProperties.swift */,
				4334D7BC1EAEA788000DDEC6 /* PhotObama.xcdatamodeld */,
				43145A521E8B1E1C009D5260 /* PhotObama */,
				43145A671E8B1E1C009D5260 /* PhotObamaTests */,
				43145A721E8B1E1C009D5260 /* PhotObamaUITests */,
				43145A511E8B1E1C009D5260 /* Products */,
			);
			sourceTree = "<group>";
		};
		43145A511E8B1E1C009D5260 /* Products */ = {
			isa = PBXGroup;
			children = (
				43145A501E8B1E1C009D5260 /* PhotObama.app */,
				43145A641E8B1E1C009D5260 /* PhotObamaTests.xctest */,
				43145A6F1E8B1E1C009D5260 /* PhotObamaUITests.xctest */,
			);
			name = Products;
			sourceTree = "<group>";
		};
		43145A521E8B1E1C009D5260 /* PhotObama */ = {
			isa = PBXGroup;
			children = (
				4346E8A01EA6BF7E008ED642 /* PhotoInfoViewController.swift */,
				4346E89E1EA54A0D008ED642 /* ImageStore.swift */,
				436B836F1E9C298E00DD9E86 /* PhotoCollectionViewCell.swift */,
				436B836D1E9C25BC00DD9E86 /* PhotoDataSource.swift */,
				43145A531E8B1E1C009D5260 /* AppDelegate.swift */,
				43145A811E8B1E54009D5260 /* PhotosViewController.swift */,
				43145A571E8B1E1C009D5260 /* Main.storyboard */,
				43145A831E8B2293009D5260 /* PhotoAPIs.swift */,
				43145A851E8B2C17009D5260 /* PhotoStore.swift */,
				43145A5A1E8B1E1C009D5260 /* Assets.xcassets */,
				43145A5C1E8B1E1C009D5260 /* LaunchScreen.storyboard */,
				43145A5F1E8B1E1C009D5260 /* Info.plist */,
			);
			path = PhotObama;
			sourceTree = "<group>";
		};
		43145A671E8B1E1C009D5260 /* PhotObamaTests */ = {
			isa = PBXGroup;
			children = (
				43145A681E8B1E1C009D5260 /* PhotObamaTests.swift */,
				43145A6A1E8B1E1C009D5260 /* Info.plist */,
			);
			path = PhotObamaTests;
			sourceTree = "<group>";
		};
		43145A721E8B1E1C009D5260 /* PhotObamaUITests */ = {
			isa = PBXGroup;
			children = (
				43145A731E8B1E1C009D5260 /* PhotObamaUITests.swift */,
				43145A751E8B1E1C009D5260 /* Info.plist */,
			);
			path = PhotObamaUITests;
			sourceTree = "<group>";
		};
/* End PBXGroup section */

/* Begin PBXNativeTarget section */
		43145A4F1E8B1E1C009D5260 /* PhotObama */ = {
			isa = PBXNativeTarget;
			buildConfigurationList = 43145A781E8B1E1D009D5260 /* Build configuration list for PBXNativeTarget "PhotObama" */;
			buildPhases = (
				43145A4C1E8B1E1C009D5260 /* Sources */,
				43145A4D1E8B1E1C009D5260 /* Frameworks */,
				43145A4E1E8B1E1C009D5260 /* Resources */,
			);
			buildRules = (
			);
			dependencies = (
			);
			name = PhotObama;
			productName = PhotObama;
			productReference = 43145A501E8B1E1C009D5260 /* PhotObama.app */;
			productType = "com.apple.product-type.application";
		};
		43145A631E8B1E1C009D5260 /* PhotObamaTests */ = {
			isa = PBXNativeTarget;
			buildConfigurationList = 43145A7B1E8B1E1D009D5260 /* Build configuration list for PBXNativeTarget "PhotObamaTests" */;
			buildPhases = (
				43145A601E8B1E1C009D5260 /* Sources */,
				43145A611E8B1E1C009D5260 /* Frameworks */,
				43145A621E8B1E1C009D5260 /* Resources */,
			);
			buildRules = (
			);
			dependencies = (
				43145A661E8B1E1C009D5260 /* PBXTargetDependency */,
			);
			name = PhotObamaTests;
			productName = PhotObamaTests;
			productReference = 43145A641E8B1E1C009D5260 /* PhotObamaTests.xctest */;
			productType = "com.apple.product-type.bundle.unit-test";
		};
		43145A6E1E8B1E1C009D5260 /* PhotObamaUITests */ = {
			isa = PBXNativeTarget;
			buildConfigurationList = 43145A7E1E8B1E1D009D5260 /* Build configuration list for PBXNativeTarget "PhotObamaUITests" */;
			buildPhases = (
				43145A6B1E8B1E1C009D5260 /* Sources */,
				43145A6C1E8B1E1C009D5260 /* Frameworks */,
				43145A6D1E8B1E1C009D5260 /* Resources */,
			);
			buildRules = (
			);
			dependencies = (
				43145A711E8B1E1C009D5260 /* PBXTargetDependency */,
			);
			name = PhotObamaUITests;
			productName = PhotObamaUITests;
			productReference = 43145A6F1E8B1E1C009D5260 /* PhotObamaUITests.xctest */;
			productType = "com.apple.product-type.bundle.ui-testing";
		};
/* End PBXNativeTarget section */

/* Begin PBXProject section */
		43145A481E8B1E1C009D5260 /* Project object */ = {
			isa = PBXProject;
			attributes = {
				LastSwiftUpdateCheck = 0820;
				LastUpgradeCheck = 0820;
				ORGANIZATIONNAME = "Lindsay Pond";
				TargetAttributes = {
					43145A4F1E8B1E1C009D5260 = {
						CreatedOnToolsVersion = 8.2;
						ProvisioningStyle = Automatic;
					};
					43145A631E8B1E1C009D5260 = {
						CreatedOnToolsVersion = 8.2;
						ProvisioningStyle = Automatic;
						TestTargetID = 43145A4F1E8B1E1C009D5260;
					};
					43145A6E1E8B1E1C009D5260 = {
						CreatedOnToolsVersion = 8.2;
						ProvisioningStyle = Automatic;
						TestTargetID = 43145A4F1E8B1E1C009D5260;
					};
				};
			};
			buildConfigurationList = 43145A4B1E8B1E1C009D5260 /* Build configuration list for PBXProject "PhotObama" */;
			compatibilityVersion = "Xcode 3.2";
			developmentRegion = English;
			hasScannedForEncodings = 0;
			knownRegions = (
				en,
				Base,
			);
			mainGroup = 43145A471E8B1E1C009D5260;
			productRefGroup = 43145A511E8B1E1C009D5260 /* Products */;
			projectDirPath = "";
			projectRoot = "";
			targets = (
				43145A4F1E8B1E1C009D5260 /* PhotObama */,
				43145A631E8B1E1C009D5260 /* PhotObamaTests */,
				43145A6E1E8B1E1C009D5260 /* PhotObamaUITests */,
			);
		};
/* End PBXProject section */

/* Begin PBXResourcesBuildPhase section */
		43145A4E1E8B1E1C009D5260 /* Resources */ = {
			isa = PBXResourcesBuildPhase;
			buildActionMask = 2147483647;
			files = (
				43145A5E1E8B1E1C009D5260 /* LaunchScreen.storyboard in Resources */,
				43145A5B1E8B1E1C009D5260 /* Assets.xcassets in Resources */,
				43145A591E8B1E1C009D5260 /* Main.storyboard in Resources */,
			);
			runOnlyForDeploymentPostprocessing = 0;
		};
		43145A621E8B1E1C009D5260 /* Resources */ = {
			isa = PBXResourcesBuildPhase;
			buildActionMask = 2147483647;
			files = (
			);
			runOnlyForDeploymentPostprocessing = 0;
		};
		43145A6D1E8B1E1C009D5260 /* Resources */ = {
			isa = PBXResourcesBuildPhase;
			buildActionMask = 2147483647;
			files = (
			);
			runOnlyForDeploymentPostprocessing = 0;
		};
/* End PBXResourcesBuildPhase section */

/* Begin PBXSourcesBuildPhase section */
		43145A4C1E8B1E1C009D5260 /* Sources */ = {
			isa = PBXSourcesBuildPhase;
			buildActionMask = 2147483647;
			files = (
				43239AA91EAEB6A000312ACA /* Photo+CoreDataClass.swift in Sources */,
				43145A841E8B2293009D5260 /* PhotoAPIs.swift in Sources */,
				43145A821E8B1E54009D5260 /* PhotosViewController.swift in Sources */,
				43145A861E8B2C17009D5260 /* PhotoStore.swift in Sources */,
				4346E89F1EA54A0D008ED642 /* ImageStore.swift in Sources */,
				43239AAA1EAEB6A000312ACA /* Photo+CoreDataProperties.swift in Sources */,
				436B836E1E9C25BC00DD9E86 /* PhotoDataSource.swift in Sources */,
				436B83701E9C298E00DD9E86 /* PhotoCollectionViewCell.swift in Sources */,
				43145A541E8B1E1C009D5260 /* AppDelegate.swift in Sources */,
				4346E8A11EA6BF7E008ED642 /* PhotoInfoViewController.swift in Sources */,
				4334D7BE1EAEA788000DDEC6 /* PhotObama.xcdatamodeld in Sources */,
			);
			runOnlyForDeploymentPostprocessing = 0;
		};
		43145A601E8B1E1C009D5260 /* Sources */ = {
			isa = PBXSourcesBuildPhase;
			buildActionMask = 2147483647;
			files = (
				43145A691E8B1E1C009D5260 /* PhotObamaTests.swift in Sources */,
			);
			runOnlyForDeploymentPostprocessing = 0;
		};
		43145A6B1E8B1E1C009D5260 /* Sources */ = {
			isa = PBXSourcesBuildPhase;
			buildActionMask = 2147483647;
			files = (
				43145A741E8B1E1C009D5260 /* PhotObamaUITests.swift in Sources */,
			);
			runOnlyForDeploymentPostprocessing = 0;
		};
/* End PBXSourcesBuildPhase section */

/* Begin PBXTargetDependency section */
		43145A661E8B1E1C009D5260 /* PBXTargetDependency */ = {
			isa = PBXTargetDependency;
			target = 43145A4F1E8B1E1C009D5260 /* PhotObama */;
			targetProxy = 43145A651E8B1E1C009D5260 /* PBXContainerItemProxy */;
		};
		43145A711E8B1E1C009D5260 /* PBXTargetDependency */ = {
			isa = PBXTargetDependency;
			target = 43145A4F1E8B1E1C009D5260 /* PhotObama */;
			targetProxy = 43145A701E8B1E1C009D5260 /* PBXContainerItemProxy */;
		};
/* End PBXTargetDependency section */

/* Begin PBXVariantGroup section */
		43145A571E8B1E1C009D5260 /* Main.storyboard */ = {
			isa = PBXVariantGroup;
			children = (
				43145A581E8B1E1C009D5260 /* Base */,
			);
			name = Main.storyboard;
			sourceTree = "<group>";
		};
		43145A5C1E8B1E1C009D5260 /* LaunchScreen.storyboard */ = {
			isa = PBXVariantGroup;
			children = (
				43145A5D1E8B1E1C009D5260 /* Base */,
			);
			name = LaunchScreen.storyboard;
			sourceTree = "<group>";
		};
/* End PBXVariantGroup section */

/* Begin XCBuildConfiguration section */
		43145A761E8B1E1C009D5260 /* Debug */ = {
			isa = XCBuildConfiguration;
			buildSettings = {
				ALWAYS_SEARCH_USER_PATHS = NO;
				CLANG_ANALYZER_NONNULL = YES;
				CLANG_CXX_LANGUAGE_STANDARD = "gnu++0x";
				CLANG_CXX_LIBRARY = "libc++";
				CLANG_ENABLE_MODULES = YES;
				CLANG_ENABLE_OBJC_ARC = YES;
				CLANG_WARN_BOOL_CONVERSION = YES;
				CLANG_WARN_CONSTANT_CONVERSION = YES;
				CLANG_WARN_DIRECT_OBJC_ISA_USAGE = YES_ERROR;
				CLANG_WARN_DOCUMENTATION_COMMENTS = YES;
				CLANG_WARN_EMPTY_BODY = YES;
				CLANG_WARN_ENUM_CONVERSION = YES;
				CLANG_WARN_INFINITE_RECURSION = YES;
				CLANG_WARN_INT_CONVERSION = YES;
				CLANG_WARN_OBJC_ROOT_CLASS = YES_ERROR;
				CLANG_WARN_SUSPICIOUS_MOVE = YES;
				CLANG_WARN_UNREACHABLE_CODE = YES;
				CLANG_WARN__DUPLICATE_METHOD_MATCH = YES;
				"CODE_SIGN_IDENTITY[sdk=iphoneos*]" = "iPhone Developer";
				COPY_PHASE_STRIP = NO;
				DEBUG_INFORMATION_FORMAT = dwarf;
				ENABLE_STRICT_OBJC_MSGSEND = YES;
				ENABLE_TESTABILITY = YES;
				GCC_C_LANGUAGE_STANDARD = gnu99;
				GCC_DYNAMIC_NO_PIC = NO;
				GCC_NO_COMMON_BLOCKS = YES;
				GCC_OPTIMIZATION_LEVEL = 0;
				GCC_PREPROCESSOR_DEFINITIONS = (
					"DEBUG=1",
					"$(inherited)",
				);
				GCC_WARN_64_TO_32_BIT_CONVERSION = YES;
				GCC_WARN_ABOUT_RETURN_TYPE = YES_ERROR;
				GCC_WARN_UNDECLARED_SELECTOR = YES;
				GCC_WARN_UNINITIALIZED_AUTOS = YES_AGGRESSIVE;
				GCC_WARN_UNUSED_FUNCTION = YES;
				GCC_WARN_UNUSED_VARIABLE = YES;
				IPHONEOS_DEPLOYMENT_TARGET = 10.2;
				MTL_ENABLE_DEBUG_INFO = YES;
				ONLY_ACTIVE_ARCH = YES;
				SDKROOT = iphoneos;
				SWIFT_ACTIVE_COMPILATION_CONDITIONS = DEBUG;
				SWIFT_OPTIMIZATION_LEVEL = "-Onone";
				TARGETED_DEVICE_FAMILY = "1,2";
			};
			name = Debug;
		};
		43145A771E8B1E1C009D5260 /* Release */ = {
			isa = XCBuildConfiguration;
			buildSettings = {
				ALWAYS_SEARCH_USER_PATHS = NO;
				CLANG_ANALYZER_NONNULL = YES;
				CLANG_CXX_LANGUAGE_STANDARD = "gnu++0x";
				CLANG_CXX_LIBRARY = "libc++";
				CLANG_ENABLE_MODULES = YES;
				CLANG_ENABLE_OBJC_ARC = YES;
				CLANG_WARN_BOOL_CONVERSION = YES;
				CLANG_WARN_CONSTANT_CONVERSION = YES;
				CLANG_WARN_DIRECT_OBJC_ISA_USAGE = YES_ERROR;
				CLANG_WARN_DOCUMENTATION_COMMENTS = YES;
				CLANG_WARN_EMPTY_BODY = YES;
				CLANG_WARN_ENUM_CONVERSION = YES;
				CLANG_WARN_INFINITE_RECURSION = YES;
				CLANG_WARN_INT_CONVERSION = YES;
				CLANG_WARN_OBJC_ROOT_CLASS = YES_ERROR;
				CLANG_WARN_SUSPICIOUS_MOVE = YES;
				CLANG_WARN_UNREACHABLE_CODE = YES;
				CLANG_WARN__DUPLICATE_METHOD_MATCH = YES;
				"CODE_SIGN_IDENTITY[sdk=iphoneos*]" = "iPhone Developer";
				COPY_PHASE_STRIP = NO;
				DEBUG_INFORMATION_FORMAT = "dwarf-with-dsym";
				ENABLE_NS_ASSERTIONS = NO;
				ENABLE_STRICT_OBJC_MSGSEND = YES;
				GCC_C_LANGUAGE_STANDARD = gnu99;
				GCC_NO_COMMON_BLOCKS = YES;
				GCC_WARN_64_TO_32_BIT_CONVERSION = YES;
				GCC_WARN_ABOUT_RETURN_TYPE = YES_ERROR;
				GCC_WARN_UNDECLARED_SELECTOR = YES;
				GCC_WARN_UNINITIALIZED_AUTOS = YES_AGGRESSIVE;
				GCC_WARN_UNUSED_FUNCTION = YES;
				GCC_WARN_UNUSED_VARIABLE = YES;
				IPHONEOS_DEPLOYMENT_TARGET = 10.2;
				MTL_ENABLE_DEBUG_INFO = NO;
				SDKROOT = iphoneos;
				SWIFT_OPTIMIZATION_LEVEL = "-Owholemodule";
				TARGETED_DEVICE_FAMILY = "1,2";
				VALIDATE_PRODUCT = YES;
			};
			name = Release;
		};
		43145A791E8B1E1D009D5260 /* Debug */ = {
			isa = XCBuildConfiguration;
			buildSettings = {
				ASSETCATALOG_COMPILER_APPICON_NAME = AppIcon;
				INFOPLIST_FILE = PhotObama/Info.plist;
				IPHONEOS_DEPLOYMENT_TARGET = 9.0;
				LD_RUNPATH_SEARCH_PATHS = "$(inherited) @executable_path/Frameworks";
				PRODUCT_BUNDLE_IDENTIFIER = com.lindsay.206466849.PhotObama;
				PRODUCT_NAME = "$(TARGET_NAME)";
				SWIFT_VERSION = 3.0;
			};
			name = Debug;
		};
		43145A7A1E8B1E1D009D5260 /* Release */ = {
			isa = XCBuildConfiguration;
			buildSettings = {
				ASSETCATALOG_COMPILER_APPICON_NAME = AppIcon;
				INFOPLIST_FILE = PhotObama/Info.plist;
				IPHONEOS_DEPLOYMENT_TARGET = 9.0;
				LD_RUNPATH_SEARCH_PATHS = "$(inherited) @executable_path/Frameworks";
				PRODUCT_BUNDLE_IDENTIFIER = com.lindsay.206466849.PhotObama;
				PRODUCT_NAME = "$(TARGET_NAME)";
				SWIFT_VERSION = 3.0;
			};
			name = Release;
		};
		43145A7C1E8B1E1D009D5260 /* Debug */ = {
			isa = XCBuildConfiguration;
			buildSettings = {
				ALWAYS_EMBED_SWIFT_STANDARD_LIBRARIES = YES;
				BUNDLE_LOADER = "$(TEST_HOST)";
				INFOPLIST_FILE = PhotObamaTests/Info.plist;
				LD_RUNPATH_SEARCH_PATHS = "$(inherited) @executable_path/Frameworks @loader_path/Frameworks";
				PRODUCT_BUNDLE_IDENTIFIER = com.lindsay.206466849.PhotObamaTests;
				PRODUCT_NAME = "$(TARGET_NAME)";
				SWIFT_VERSION = 3.0;
				TEST_HOST = "$(BUILT_PRODUCTS_DIR)/PhotObama.app/PhotObama";
			};
			name = Debug;
		};
		43145A7D1E8B1E1D009D5260 /* Release */ = {
			isa = XCBuildConfiguration;
			buildSettings = {
				ALWAYS_EMBED_SWIFT_STANDARD_LIBRARIES = YES;
				BUNDLE_LOADER = "$(TEST_HOST)";
				INFOPLIST_FILE = PhotObamaTests/Info.plist;
				LD_RUNPATH_SEARCH_PATHS = "$(inherited) @executable_path/Frameworks @loader_path/Frameworks";
				PRODUCT_BUNDLE_IDENTIFIER = com.lindsay.206466849.PhotObamaTests;
				PRODUCT_NAME = "$(TARGET_NAME)";
				SWIFT_VERSION = 3.0;
				TEST_HOST = "$(BUILT_PRODUCTS_DIR)/PhotObama.app/PhotObama";
			};
			name = Release;
		};
		43145A7F1E8B1E1D009D5260 /* Debug */ = {
			isa = XCBuildConfiguration;
			buildSettings = {
				ALWAYS_EMBED_SWIFT_STANDARD_LIBRARIES = YES;
				INFOPLIST_FILE = PhotObamaUITests/Info.plist;
				LD_RUNPATH_SEARCH_PATHS = "$(inherited) @executable_path/Frameworks @loader_path/Frameworks";
				PRODUCT_BUNDLE_IDENTIFIER = com.lindsay.206466849.PhotObamaUITests;
				PRODUCT_NAME = "$(TARGET_NAME)";
				SWIFT_VERSION = 3.0;
				TEST_TARGET_NAME = PhotObama;
			};
			name = Debug;
		};
		43145A801E8B1E1D009D5260 /* Release */ = {
			isa = XCBuildConfiguration;
			buildSettings = {
				ALWAYS_EMBED_SWIFT_STANDARD_LIBRARIES = YES;
				INFOPLIST_FILE = PhotObamaUITests/Info.plist;
				LD_RUNPATH_SEARCH_PATHS = "$(inherited) @executable_path/Frameworks @loader_path/Frameworks";
				PRODUCT_BUNDLE_IDENTIFIER = com.lindsay.206466849.PhotObamaUITests;
				PRODUCT_NAME = "$(TARGET_NAME)";
				SWIFT_VERSION = 3.0;
				TEST_TARGET_NAME = PhotObama;
			};
			name = Release;
		};
/* End XCBuildConfiguration section */

/* Begin XCConfigurationList section */
		43145A4B1E8B1E1C009D5260 /* Build configuration list for PBXProject "PhotObama" */ = {
			isa = XCConfigurationList;
			buildConfigurations = (
				43145A761E8B1E1C009D5260 /* Debug */,
				43145A771E8B1E1C009D5260 /* Release */,
			);
			defaultConfigurationIsVisible = 0;
			defaultConfigurationName = Release;
		};
		43145A781E8B1E1D009D5260 /* Build configuration list for PBXNativeTarget "PhotObama" */ = {
			isa = XCConfigurationList;
			buildConfigurations = (
				43145A791E8B1E1D009D5260 /* Debug */,
				43145A7A1E8B1E1D009D5260 /* Release */,
			);
			defaultConfigurationIsVisible = 0;
			defaultConfigurationName = Release;
		};
		43145A7B1E8B1E1D009D5260 /* Build configuration list for PBXNativeTarget "PhotObamaTests" */ = {
			isa = XCConfigurationList;
			buildConfigurations = (
				43145A7C1E8B1E1D009D5260 /* Debug */,
				43145A7D1E8B1E1D009D5260 /* Release */,
			);
			defaultConfigurationIsVisible = 0;
			defaultConfigurationName = Release;
		};
		43145A7E1E8B1E1D009D5260 /* Build configuration list for PBXNativeTarget "PhotObamaUITests" */ = {
			isa = XCConfigurationList;
			buildConfigurations = (
				43145A7F1E8B1E1D009D5260 /* Debug */,
				43145A801E8B1E1D009D5260 /* Release */,
			);
			defaultConfigurationIsVisible = 0;
			defaultConfigurationName = Release;
		};
/* End XCConfigurationList section */

/* Begin XCVersionGroup section */
		4334D7BC1EAEA788000DDEC6 /* PhotObama.xcdatamodeld */ = {
			isa = XCVersionGroup;
			children = (
				4334D7BD1EAEA788000DDEC6 /* PhotObama.xcdatamodel */,
			);
			currentVersion = 4334D7BD1EAEA788000DDEC6 /* PhotObama.xcdatamodel */;
			name = PhotObama.xcdatamodeld;
			path = PhotObama/PhotObama.xcdatamodeld;
			sourceTree = "<group>";
			versionGroupType = wrapper.xcdatamodel;
		};
/* End XCVersionGroup section */
	};
	rootObject = 43145A481E8B1E1C009D5260 /* Project object */;
}
